
Microsoft Visual Studio Solution File, Format Version 12.00
# Visual Studio Version 17
VisualStudioVersion = 17.14.36518.9 d17.14
MinimumVisualStudioVersion = 10.0.40219.1
Project("{FAE04EC0-301F-11D3-BF4B-00C04F79EFBC}") = "Habitly", "Habitly.csproj", "{92FCE2B1-3BA1-4199-87DB-4C17B1CF9FF6}"
EndProject
Global
	GlobalSection(SolutionConfigurationPlatforms) = preSolution
		Debug|Any CPU = Debug|Any CPU
		Release|Any CPU = Release|Any CPU
	EndGlobalSection
	GlobalSection(ProjectConfigurationPlatforms) = postSolution
		{92FCE2B1-3BA1-4199-87DB-4C17B1CF9FF6}.Debug|Any CPU.ActiveCfg = Debug|Any CPU
		{92FCE2B1-3BA1-4199-87DB-4C17B1CF9FF6}.Debug|Any CPU.Build.0 = Debug|Any CPU
		{92FCE2B1-3BA1-4199-87DB-4C17B1CF9FF6}.Release|Any CPU.ActiveCfg = Release|Any CPU
		{92FCE2B1-3BA1-4199-87DB-4C17B1CF9FF6}.Release|Any CPU.Build.0 = Release|Any CPU
	EndGlobalSection
	GlobalSection(SolutionProperties) = preSolution
		HideSolutionNode = FALSE
	EndGlobalSection
	GlobalSection(ExtensibilityGlobals) = postSolution
		SolutionGuid = {BC97971D-A2B2-4B8B-ABD3-E0507CB3E6AA}
	EndGlobalSection
EndGlobal
